
Microsoft Visual Studio Solution File, Format Version 12.00
Project("{FAE04EC0-301F-11D3-BF4B-00C04F79EFBC}") = "Hypercube.Example.Client", "Hypercube.Example.Client\Hypercube.Example.Client.csproj", "{817BAF89-86DB-43CC-8C36-5067294F1E6D}"
EndProject
Project("{FAE04EC0-301F-11D3-BF4B-00C04F79EFBC}") = "Hypercube.Client", "Hypercube.Client\Hypercube.Client.csproj", "{5CC9824F-8B41-4594-BA5A-46B97133AF6A}"
EndProject
Project("{FAE04EC0-301F-11D3-BF4B-00C04F79EFBC}") = "Hypercube.Math", "Hypercube.Math\Hypercube.Math.csproj", "{9B472CFF-DCB7-4AF6-8C07-F9ADD47CECBC}"
EndProject
Project("{FAE04EC0-301F-11D3-BF4B-00C04F79EFBC}") = "Hypercube.Shared", "Hypercube.Shared\Hypercube.Shared.csproj", "{ADF0DA0A-1FDE-4EBE-A516-9CA5FB01C62F}"
EndProject
Project("{FAE04EC0-301F-11D3-BF4B-00C04F79EFBC}") = "Hypercube.UnitTests", "Hypercube.UnitTests\Hypercube.UnitTests.csproj", "{6901E456-957F-4CC8-880F-B6A5DBD2862E}"
EndProject
Project("{FAE04EC0-301F-11D3-BF4B-00C04F79EFBC}") = "Hypercube.Server", "Hypercube.Server\Hypercube.Server.csproj", "{FD39F168-2960-4D80-82E0-0E37D8CC9852}"
EndProject
Project("{FAE04EC0-301F-11D3-BF4B-00C04F79EFBC}") = "Hypercube.Example.Server", "Hypercube.Example.Server\Hypercube.Example.Server.csproj", "{139145CC-AA74-45BC-8915-442A0B38BB83}"
EndProject
Project("{FAE04EC0-301F-11D3-BF4B-00C04F79EFBC}") = "Hypercube.OpenGL", "Hypercube.OpenGL\Hypercube.OpenGL.csproj", "{8BD12846-C602-40A3-B2C2-13855C3AF641}"
EndProject
Project("{FAE04EC0-301F-11D3-BF4B-00C04F79EFBC}") = "Hypercube.ImGui", "Hypercube.ImGui\Hypercube.ImGui.csproj", "{74B3CF74-0BB3-43DD-A533-9F0D35D58D28}"
EndProject
Project("{2150E333-8FDC-42A3-9474-1A3956D46DE8}") = "Graphics", "Graphics", "{F6F91A08-154D-4314-9290-2A9BDE33EB22}"
EndProject
Project("{2150E333-8FDC-42A3-9474-1A3956D46DE8}") = "Example", "Example", "{BFDCB632-F0DA-45A9-8F8C-A6E83C7784EC}"
EndProject
Project("{FAE04EC0-301F-11D3-BF4B-00C04F79EFBC}") = "Hypercube.Graphics", "Hypercube.Graphics\Hypercube.Graphics.csproj", "{59639B8F-F304-40BE-99EE-3CBBA987EC3A}"
EndProject
Project("{FAE04EC0-301F-11D3-BF4B-00C04F79EFBC}") = "Hypercube.Input", "Hypercube.Input\Hypercube.Input.csproj", "{F0484DF4-0B24-4CD6-A5EA-ABF48170D3FC}"
EndProject
Project("{2150E333-8FDC-42A3-9474-1A3956D46DE8}") = "Core", "Core", "{A0C34E5F-82B1-4307-89F9-96858D98761E}"
EndProject
Global
	GlobalSection(SolutionConfigurationPlatforms) = preSolution
		Debug|Any CPU = Debug|Any CPU
		Release|Any CPU = Release|Any CPU
	EndGlobalSection
	GlobalSection(ProjectConfigurationPlatforms) = postSolution
		{817BAF89-86DB-43CC-8C36-5067294F1E6D}.Debug|Any CPU.ActiveCfg = Debug|Any CPU
		{817BAF89-86DB-43CC-8C36-5067294F1E6D}.Debug|Any CPU.Build.0 = Debug|Any CPU
		{817BAF89-86DB-43CC-8C36-5067294F1E6D}.Release|Any CPU.ActiveCfg = Release|Any CPU
		{817BAF89-86DB-43CC-8C36-5067294F1E6D}.Release|Any CPU.Build.0 = Release|Any CPU
		{5CC9824F-8B41-4594-BA5A-46B97133AF6A}.Debug|Any CPU.ActiveCfg = Debug|Any CPU
		{5CC9824F-8B41-4594-BA5A-46B97133AF6A}.Debug|Any CPU.Build.0 = Debug|Any CPU
		{5CC9824F-8B41-4594-BA5A-46B97133AF6A}.Release|Any CPU.ActiveCfg = Release|Any CPU
		{5CC9824F-8B41-4594-BA5A-46B97133AF6A}.Release|Any CPU.Build.0 = Release|Any CPU
		{9B472CFF-DCB7-4AF6-8C07-F9ADD47CECBC}.Debug|Any CPU.ActiveCfg = Debug|Any CPU
		{9B472CFF-DCB7-4AF6-8C07-F9ADD47CECBC}.Debug|Any CPU.Build.0 = Debug|Any CPU
		{9B472CFF-DCB7-4AF6-8C07-F9ADD47CECBC}.Release|Any CPU.ActiveCfg = Release|Any CPU
		{9B472CFF-DCB7-4AF6-8C07-F9ADD47CECBC}.Release|Any CPU.Build.0 = Release|Any CPU
		{ADF0DA0A-1FDE-4EBE-A516-9CA5FB01C62F}.Debug|Any CPU.ActiveCfg = Debug|Any CPU
		{ADF0DA0A-1FDE-4EBE-A516-9CA5FB01C62F}.Debug|Any CPU.Build.0 = Debug|Any CPU
		{ADF0DA0A-1FDE-4EBE-A516-9CA5FB01C62F}.Release|Any CPU.ActiveCfg = Release|Any CPU
		{ADF0DA0A-1FDE-4EBE-A516-9CA5FB01C62F}.Release|Any CPU.Build.0 = Release|Any CPU
		{6901E456-957F-4CC8-880F-B6A5DBD2862E}.Debug|Any CPU.ActiveCfg = Debug|Any CPU
		{6901E456-957F-4CC8-880F-B6A5DBD2862E}.Debug|Any CPU.Build.0 = Debug|Any CPU
		{6901E456-957F-4CC8-880F-B6A5DBD2862E}.Release|Any CPU.ActiveCfg = Release|Any CPU
		{6901E456-957F-4CC8-880F-B6A5DBD2862E}.Release|Any CPU.Build.0 = Release|Any CPU
		{FD39F168-2960-4D80-82E0-0E37D8CC9852}.Debug|Any CPU.ActiveCfg = Debug|Any CPU
		{FD39F168-2960-4D80-82E0-0E37D8CC9852}.Debug|Any CPU.Build.0 = Debug|Any CPU
		{FD39F168-2960-4D80-82E0-0E37D8CC9852}.Release|Any CPU.ActiveCfg = Release|Any CPU
		{FD39F168-2960-4D80-82E0-0E37D8CC9852}.Release|Any CPU.Build.0 = Release|Any CPU
		{139145CC-AA74-45BC-8915-442A0B38BB83}.Debug|Any CPU.ActiveCfg = Debug|Any CPU
		{139145CC-AA74-45BC-8915-442A0B38BB83}.Debug|Any CPU.Build.0 = Debug|Any CPU
		{139145CC-AA74-45BC-8915-442A0B38BB83}.Release|Any CPU.ActiveCfg = Release|Any CPU
		{139145CC-AA74-45BC-8915-442A0B38BB83}.Release|Any CPU.Build.0 = Release|Any CPU
		{8BD12846-C602-40A3-B2C2-13855C3AF641}.Debug|Any CPU.ActiveCfg = Debug|Any CPU
		{8BD12846-C602-40A3-B2C2-13855C3AF641}.Debug|Any CPU.Build.0 = Debug|Any CPU
		{8BD12846-C602-40A3-B2C2-13855C3AF641}.Release|Any CPU.ActiveCfg = Release|Any CPU
		{8BD12846-C602-40A3-B2C2-13855C3AF641}.Release|Any CPU.Build.0 = Release|Any CPU
		{74B3CF74-0BB3-43DD-A533-9F0D35D58D28}.Debug|Any CPU.ActiveCfg = Debug|Any CPU
		{74B3CF74-0BB3-43DD-A533-9F0D35D58D28}.Debug|Any CPU.Build.0 = Debug|Any CPU
		{74B3CF74-0BB3-43DD-A533-9F0D35D58D28}.Release|Any CPU.ActiveCfg = Release|Any CPU
		{74B3CF74-0BB3-43DD-A533-9F0D35D58D28}.Release|Any CPU.Build.0 = Release|Any CPU
		{59639B8F-F304-40BE-99EE-3CBBA987EC3A}.Debug|Any CPU.ActiveCfg = Debug|Any CPU
		{59639B8F-F304-40BE-99EE-3CBBA987EC3A}.Debug|Any CPU.Build.0 = Debug|Any CPU
		{59639B8F-F304-40BE-99EE-3CBBA987EC3A}.Release|Any CPU.ActiveCfg = Release|Any CPU
		{59639B8F-F304-40BE-99EE-3CBBA987EC3A}.Release|Any CPU.Build.0 = Release|Any CPU
		{F0484DF4-0B24-4CD6-A5EA-ABF48170D3FC}.Debug|Any CPU.ActiveCfg = Debug|Any CPU
		{F0484DF4-0B24-4CD6-A5EA-ABF48170D3FC}.Debug|Any CPU.Build.0 = Debug|Any CPU
		{F0484DF4-0B24-4CD6-A5EA-ABF48170D3FC}.Release|Any CPU.ActiveCfg = Release|Any CPU
		{F0484DF4-0B24-4CD6-A5EA-ABF48170D3FC}.Release|Any CPU.Build.0 = Release|Any CPU
	EndGlobalSection
	GlobalSection(NestedProjects) = preSolution
		{8BD12846-C602-40A3-B2C2-13855C3AF641} = {F6F91A08-154D-4314-9290-2A9BDE33EB22}
		{74B3CF74-0BB3-43DD-A533-9F0D35D58D28} = {F6F91A08-154D-4314-9290-2A9BDE33EB22}
		{817BAF89-86DB-43CC-8C36-5067294F1E6D} = {BFDCB632-F0DA-45A9-8F8C-A6E83C7784EC}
		{139145CC-AA74-45BC-8915-442A0B38BB83} = {BFDCB632-F0DA-45A9-8F8C-A6E83C7784EC}
		{59639B8F-F304-40BE-99EE-3CBBA987EC3A} = {F6F91A08-154D-4314-9290-2A9BDE33EB22}
		{F6F91A08-154D-4314-9290-2A9BDE33EB22} = {A0C34E5F-82B1-4307-89F9-96858D98761E}
		{F0484DF4-0B24-4CD6-A5EA-ABF48170D3FC} = {A0C34E5F-82B1-4307-89F9-96858D98761E}
		{9B472CFF-DCB7-4AF6-8C07-F9ADD47CECBC} = {A0C34E5F-82B1-4307-89F9-96858D98761E}
	EndGlobalSection
EndGlobal
