
Microsoft Visual Studio Solution File, Format Version 12.00
Project("{FAE04EC0-301F-11D3-BF4B-00C04F79EFBC}") = "Hypercube.Core", "src\Hypercube.Core\Hypercube.Core.csproj", "{AE394ECD-C2C9-4498-B81D-1123AA84CCAF}"
EndProject
Project("{FAE04EC0-301F-11D3-BF4B-00C04F79EFBC}") = "Hypercube.Analyzers", "src\Hypercube.Analyzers\Hypercube.Analyzers.csproj", "{2BF48A85-480F-4341-9407-BA9D974F7E37}"
EndProject
Project("{FAE04EC0-301F-11D3-BF4B-00C04F79EFBC}") = "Hypercube.Runner", "src\Hypercube.Runner\Hypercube.Runner.csproj", "{ACFF78DF-9D20-4630-9902-8AB01796955E}"
EndProject
Project("{FAE04EC0-301F-11D3-BF4B-00C04F79EFBC}") = "Hypercube.Editor", "src\Hypercube.Editor\Hypercube.Editor.csproj", "{28CCC0B6-D9D0-49ED-8213-B12F2948A3FF}"
EndProject
Project("{FAE04EC0-301F-11D3-BF4B-00C04F79EFBC}") = "Hypercube.Physics", "src\Hypercube.Physics\Hypercube.Physics.csproj", "{214FBA3A-B828-4BE6-BBD1-2C232E6FEDEF}"
EndProject
Project("{FAE04EC0-301F-11D3-BF4B-00C04F79EFBC}") = "Hypercube.Networking", "src\Hypercube.Networking\Hypercube.Networking.csproj", "{97AE2F81-BB48-4FF0-B2CA-DBAF14CAC74E}"
EndProject
Project("{FAE04EC0-301F-11D3-BF4B-00C04F79EFBC}") = "Hypercube.Graphics", "src\Hypercube.Graphics\Hypercube.Graphics.csproj", "{A86F6F66-8FCD-4B3F-A932-14BE1FECFE23}"
EndProject
Global
	GlobalSection(SolutionConfigurationPlatforms) = preSolution
		Debug|Any CPU = Debug|Any CPU
		Release|Any CPU = Release|Any CPU
	EndGlobalSection
	GlobalSection(ProjectConfigurationPlatforms) = postSolution
		{AE394ECD-C2C9-4498-B81D-1123AA84CCAF}.Debug|Any CPU.ActiveCfg = Debug|Any CPU
		{AE394ECD-C2C9-4498-B81D-1123AA84CCAF}.Debug|Any CPU.Build.0 = Debug|Any CPU
		{AE394ECD-C2C9-4498-B81D-1123AA84CCAF}.Release|Any CPU.ActiveCfg = Release|Any CPU
		{2BF48A85-480F-4341-9407-BA9D974F7E37}.Debug|Any CPU.ActiveCfg = Debug|Any CPU
		{2BF48A85-480F-4341-9407-BA9D974F7E37}.Debug|Any CPU.Build.0 = Debug|Any CPU
		{2BF48A85-480F-4341-9407-BA9D974F7E37}.Release|Any CPU.ActiveCfg = Release|Any CPU
		{2BF48A85-480F-4341-9407-BA9D974F7E37}.Release|Any CPU.Build.0 = Release|Any CPU
		{ACFF78DF-9D20-4630-9902-8AB01796955E}.Debug|Any CPU.ActiveCfg = Debug|Any CPU
		{ACFF78DF-9D20-4630-9902-8AB01796955E}.Debug|Any CPU.Build.0 = Debug|Any CPU
		{ACFF78DF-9D20-4630-9902-8AB01796955E}.Release|Any CPU.ActiveCfg = Release|Any CPU
		{ACFF78DF-9D20-4630-9902-8AB01796955E}.Release|Any CPU.Build.0 = Release|Any CPU
		{28CCC0B6-D9D0-49ED-8213-B12F2948A3FF}.Debug|Any CPU.ActiveCfg = Debug|Any CPU
		{28CCC0B6-D9D0-49ED-8213-B12F2948A3FF}.Debug|Any CPU.Build.0 = Debug|Any CPU
		{28CCC0B6-D9D0-49ED-8213-B12F2948A3FF}.Release|Any CPU.ActiveCfg = Release|Any CPU
		{28CCC0B6-D9D0-49ED-8213-B12F2948A3FF}.Release|Any CPU.Build.0 = Release|Any CPU
		{214FBA3A-B828-4BE6-BBD1-2C232E6FEDEF}.Debug|Any CPU.ActiveCfg = Debug|Any CPU
		{214FBA3A-B828-4BE6-BBD1-2C232E6FEDEF}.Debug|Any CPU.Build.0 = Debug|Any CPU
		{214FBA3A-B828-4BE6-BBD1-2C232E6FEDEF}.Release|Any CPU.ActiveCfg = Release|Any CPU
		{214FBA3A-B828-4BE6-BBD1-2C232E6FEDEF}.Release|Any CPU.Build.0 = Release|Any CPU
		{97AE2F81-BB48-4FF0-B2CA-DBAF14CAC74E}.Debug|Any CPU.ActiveCfg = Debug|Any CPU
		{97AE2F81-BB48-4FF0-B2CA-DBAF14CAC74E}.Debug|Any CPU.Build.0 = Debug|Any CPU
		{97AE2F81-BB48-4FF0-B2CA-DBAF14CAC74E}.Release|Any CPU.ActiveCfg = Release|Any CPU
		{97AE2F81-BB48-4FF0-B2CA-DBAF14CAC74E}.Release|Any CPU.Build.0 = Release|Any CPU
		{A86F6F66-8FCD-4B3F-A932-14BE1FECFE23}.Debug|Any CPU.ActiveCfg = Debug|Any CPU
		{A86F6F66-8FCD-4B3F-A932-14BE1FECFE23}.Debug|Any CPU.Build.0 = Debug|Any CPU
		{A86F6F66-8FCD-4B3F-A932-14BE1FECFE23}.Release|Any CPU.ActiveCfg = Release|Any CPU
		{A86F6F66-8FCD-4B3F-A932-14BE1FECFE23}.Release|Any CPU.Build.0 = Release|Any CPU
	EndGlobalSection
EndGlobal
