
Microsoft Visual Studio Solution File, Format Version 12.00
Project("{FAE04EC0-301F-11D3-BF4B-00C04F79EFBC}") = "Hypercube.Core", "Hypercube.Core\Hypercube.Core.csproj", "{AE394ECD-C2C9-4498-B81D-1123AA84CCAF}"
EndProject
Project("{FAE04EC0-301F-11D3-BF4B-00C04F79EFBC}") = "Hypercube.Graphics", "Hypercube.Graphics\Hypercube.Graphics.csproj", "{35E973E0-51C3-4398-906A-17D5D08E3589}"
EndProject
Project("{FAE04EC0-301F-11D3-BF4B-00C04F79EFBC}") = "Hypercube.Resources", "Hypercube.Resources\Hypercube.Resources.csproj", "{564D7290-9873-4403-AFFF-F6DB29EE93AC}"
EndProject
Project("{FAE04EC0-301F-11D3-BF4B-00C04F79EFBC}") = "Hypercube.Analyzers", "Hypercube.Analyzers\Hypercube.Analyzers.csproj", "{2BF48A85-480F-4341-9407-BA9D974F7E37}"
EndProject
Global
	GlobalSection(SolutionConfigurationPlatforms) = preSolution
		Debug|Any CPU = Debug|Any CPU
		Release|Any CPU = Release|Any CPU
	EndGlobalSection
	GlobalSection(ProjectConfigurationPlatforms) = postSolution
		{AE394ECD-C2C9-4498-B81D-1123AA84CCAF}.Debug|Any CPU.ActiveCfg = Debug|Any CPU
		{AE394ECD-C2C9-4498-B81D-1123AA84CCAF}.Debug|Any CPU.Build.0 = Debug|Any CPU
		{AE394ECD-C2C9-4498-B81D-1123AA84CCAF}.Release|Any CPU.ActiveCfg = Release|Any CPU
		{35E973E0-51C3-4398-906A-17D5D08E3589}.Debug|Any CPU.ActiveCfg = Debug|Any CPU
		{35E973E0-51C3-4398-906A-17D5D08E3589}.Debug|Any CPU.Build.0 = Debug|Any CPU
		{35E973E0-51C3-4398-906A-17D5D08E3589}.Release|Any CPU.ActiveCfg = Release|Any CPU
		{35E973E0-51C3-4398-906A-17D5D08E3589}.Release|Any CPU.Build.0 = Release|Any CPU
		{564D7290-9873-4403-AFFF-F6DB29EE93AC}.Debug|Any CPU.ActiveCfg = Debug|Any CPU
		{564D7290-9873-4403-AFFF-F6DB29EE93AC}.Debug|Any CPU.Build.0 = Debug|Any CPU
		{564D7290-9873-4403-AFFF-F6DB29EE93AC}.Release|Any CPU.ActiveCfg = Release|Any CPU
		{564D7290-9873-4403-AFFF-F6DB29EE93AC}.Release|Any CPU.Build.0 = Release|Any CPU
		{2BF48A85-480F-4341-9407-BA9D974F7E37}.Debug|Any CPU.ActiveCfg = Debug|Any CPU
		{2BF48A85-480F-4341-9407-BA9D974F7E37}.Debug|Any CPU.Build.0 = Debug|Any CPU
		{2BF48A85-480F-4341-9407-BA9D974F7E37}.Release|Any CPU.ActiveCfg = Release|Any CPU
		{2BF48A85-480F-4341-9407-BA9D974F7E37}.Release|Any CPU.Build.0 = Release|Any CPU
	EndGlobalSection
EndGlobal
